
Microsoft Visual Studio Solution File, Format Version 12.00
# Visual Studio Version 17
VisualStudioVersion = 17.5.33627.172
MinimumVisualStudioVersion = 10.0.40219.1
Project("{FAE04EC0-301F-11D3-BF4B-00C04F79EFBC}") = "JOHNBARADAHOT4CardStoreGUI", "JOHNBARADAHOT4CardStoreGUI\JOHNBARADAHOT4CardStoreGUI.csproj", "{3BA842B4-7385-42B8-824A-292F62DD1699}"
EndProject
Global
	GlobalSection(SolutionConfigurationPlatforms) = preSolution
		Debug|Any CPU = Debug|Any CPU
		Release|Any CPU = Release|Any CPU
	EndGlobalSection
	GlobalSection(ProjectConfigurationPlatforms) = postSolution
		{3BA842B4-7385-42B8-824A-292F62DD1699}.Debug|Any CPU.ActiveCfg = Debug|Any CPU
		{3BA842B4-7385-42B8-824A-292F62DD1699}.Debug|Any CPU.Build.0 = Debug|Any CPU
		{3BA842B4-7385-42B8-824A-292F62DD1699}.Release|Any CPU.ActiveCfg = Release|Any CPU
		{3BA842B4-7385-42B8-824A-292F62DD1699}.Release|Any CPU.Build.0 = Release|Any CPU
	EndGlobalSection
	GlobalSection(SolutionProperties) = preSolution
		HideSolutionNode = FALSE
	EndGlobalSection
	GlobalSection(ExtensibilityGlobals) = postSolution
		SolutionGuid = {205D7421-0AA8-46FC-AF5E-EDAD09C10CF6}
	EndGlobalSection
EndGlobal
